
Microsoft Visual Studio Solution File, Format Version 12.00
# Visual Studio Version 17
VisualStudioVersion = 17.9.34714.143
MinimumVisualStudioVersion = 10.0.40219.1
Project("{FAE04EC0-301F-11D3-BF4B-00C04F79EFBC}") = "tpmodul7_kelompok_3", "tpmodul7_kelompok_3\tpmodul7_kelompok_3.csproj", "{54F76C39-6655-4176-93B5-76AE687E3CC6}"
EndProject
Global
	GlobalSection(SolutionConfigurationPlatforms) = preSolution
		Debug|Any CPU = Debug|Any CPU
		Release|Any CPU = Release|Any CPU
	EndGlobalSection
	GlobalSection(ProjectConfigurationPlatforms) = postSolution
		{54F76C39-6655-4176-93B5-76AE687E3CC6}.Debug|Any CPU.ActiveCfg = Debug|Any CPU
		{54F76C39-6655-4176-93B5-76AE687E3CC6}.Debug|Any CPU.Build.0 = Debug|Any CPU
		{54F76C39-6655-4176-93B5-76AE687E3CC6}.Release|Any CPU.ActiveCfg = Release|Any CPU
		{54F76C39-6655-4176-93B5-76AE687E3CC6}.Release|Any CPU.Build.0 = Release|Any CPU
	EndGlobalSection
	GlobalSection(SolutionProperties) = preSolution
		HideSolutionNode = FALSE
	EndGlobalSection
	GlobalSection(ExtensibilityGlobals) = postSolution
		SolutionGuid = {0C380B30-B619-407C-A4F3-C2CC0F873DE9}
	EndGlobalSection
EndGlobal
